
Microsoft Visual Studio Solution File, Format Version 12.00
# Visual Studio Version 17
VisualStudioVersion = 17.8.34330.188
MinimumVisualStudioVersion = 10.0.40219.1
Project("{9A19103F-16F7-4668-BE54-9A1E7A4F7556}") = "ConsoleContainer.Wpf", "ConsoleContainer.Wpf\ConsoleContainer.Wpf.csproj", "{1C94ED0E-0122-49A2-9F90-C3D03BE91D62}"
EndProject
Global
	GlobalSection(SolutionConfigurationPlatforms) = preSolution
		Debug|Any CPU = Debug|Any CPU
		Release|Any CPU = Release|Any CPU
	EndGlobalSection
	GlobalSection(ProjectConfigurationPlatforms) = postSolution
		{1C94ED0E-0122-49A2-9F90-C3D03BE91D62}.Debug|Any CPU.ActiveCfg = Debug|Any CPU
		{1C94ED0E-0122-49A2-9F90-C3D03BE91D62}.Debug|Any CPU.Build.0 = Debug|Any CPU
		{1C94ED0E-0122-49A2-9F90-C3D03BE91D62}.Release|Any CPU.ActiveCfg = Release|Any CPU
		{1C94ED0E-0122-49A2-9F90-C3D03BE91D62}.Release|Any CPU.Build.0 = Release|Any CPU
	EndGlobalSection
	GlobalSection(SolutionProperties) = preSolution
		HideSolutionNode = FALSE
	EndGlobalSection
	GlobalSection(ExtensibilityGlobals) = postSolution
		SolutionGuid = {AB9C609D-75E5-4734-9083-9623F2017964}
	EndGlobalSection
EndGlobal
