
Microsoft Visual Studio Solution File, Format Version 12.00
# Visual Studio Version 17
VisualStudioVersion = 17.8.34330.188
MinimumVisualStudioVersion = 10.0.40219.1
Project("{9A19103F-16F7-4668-BE54-9A1E7A4F7556}") = "ConsoleContainer.Wpf", "ConsoleContainer.Wpf\ConsoleContainer.Wpf.csproj", "{1C94ED0E-0122-49A2-9F90-C3D03BE91D62}"
EndProject
Project("{9A19103F-16F7-4668-BE54-9A1E7A4F7556}") = "ConsoleContainer.WorkerService", "ConsoleContainer.WorkerService\ConsoleContainer.WorkerService.csproj", "{797FD68A-8EF5-46DB-A664-18C55DC7783A}"
EndProject
Project("{9A19103F-16F7-4668-BE54-9A1E7A4F7556}") = "ConsoleContainer.ProcessManagement", "ConsoleContainer.ProcessManagement\ConsoleContainer.ProcessManagement.csproj", "{1B7EA1C2-75E5-4E69-9A60-208A35D8EC9F}"
EndProject
Project("{9A19103F-16F7-4668-BE54-9A1E7A4F7556}") = "ConsoleContainer.Contracts", "ConsoleContainer.Contracts\ConsoleContainer.Contracts.csproj", "{D1799642-9222-44CA-AA60-4BC2196BDF35}"
EndProject
Project("{9A19103F-16F7-4668-BE54-9A1E7A4F7556}") = "ConsoleContainer.WorkerService.Client", "ConsoleContainer.WorkerService.Client\ConsoleContainer.WorkerService.Client.csproj", "{795F22AB-22D1-471C-9890-1403C6216C07}"
EndProject
Project("{9A19103F-16F7-4668-BE54-9A1E7A4F7556}") = "ConsoleContainer.Repositories", "ConsoleContainer.Repositories\ConsoleContainer.Repositories.csproj", "{3EBC5107-2388-4A04-AEE6-148BEF71D23D}"
EndProject
Project("{9A19103F-16F7-4668-BE54-9A1E7A4F7556}") = "ConsoleContainer.Domain", "ConsoleContainer.Domain\ConsoleContainer.Domain.csproj", "{47519E3A-137C-49ED-95C4-E25865482DFD}"
EndProject
Project("{9A19103F-16F7-4668-BE54-9A1E7A4F7556}") = "ConsoleContainer.Kernel", "ConsoleContainer.Kernel\ConsoleContainer.Kernel.csproj", "{7D8F79DC-F854-4BE3-A70F-5EBCE9A9B6BA}"
EndProject
Project("{9A19103F-16F7-4668-BE54-9A1E7A4F7556}") = "ConsoleContainer.Domain.Contracts", "ConsoleContainer.Domain.Contracts\ConsoleContainer.Domain.Contracts.csproj", "{42FA2343-4650-414C-A7C9-2CFD9B9EF0F3}"
EndProject
Project("{2150E333-8FDC-42A3-9474-1A3956D46DE8}") = "Installation", "Installation", "{55181AAF-E180-4DC7-92E8-A63995F25F1B}"
EndProject
Project("{B7DD6F7E-DEF8-4E67-B5B7-07EF123DB6F0}") = "ConsoleContainer.WiX", "Installation\ConsoleContainer.WiX\ConsoleContainer.WiX.wixproj", "{EE354152-1A9B-4F0E-BF4C-44DC542BCBB8}"
EndProject
Global
	GlobalSection(SolutionConfigurationPlatforms) = preSolution
		Debug|Any CPU = Debug|Any CPU
		Debug|ARM64 = Debug|ARM64
		Debug|x64 = Debug|x64
		Debug|x86 = Debug|x86
		Release|Any CPU = Release|Any CPU
		Release|ARM64 = Release|ARM64
		Release|x64 = Release|x64
		Release|x86 = Release|x86
	EndGlobalSection
	GlobalSection(ProjectConfigurationPlatforms) = postSolution
		{1C94ED0E-0122-49A2-9F90-C3D03BE91D62}.Debug|Any CPU.ActiveCfg = Debug|Any CPU
		{1C94ED0E-0122-49A2-9F90-C3D03BE91D62}.Debug|Any CPU.Build.0 = Debug|Any CPU
		{1C94ED0E-0122-49A2-9F90-C3D03BE91D62}.Debug|ARM64.ActiveCfg = Debug|Any CPU
		{1C94ED0E-0122-49A2-9F90-C3D03BE91D62}.Debug|ARM64.Build.0 = Debug|Any CPU
		{1C94ED0E-0122-49A2-9F90-C3D03BE91D62}.Debug|x64.ActiveCfg = Debug|Any CPU
		{1C94ED0E-0122-49A2-9F90-C3D03BE91D62}.Debug|x64.Build.0 = Debug|Any CPU
		{1C94ED0E-0122-49A2-9F90-C3D03BE91D62}.Debug|x86.ActiveCfg = Debug|Any CPU
		{1C94ED0E-0122-49A2-9F90-C3D03BE91D62}.Debug|x86.Build.0 = Debug|Any CPU
		{1C94ED0E-0122-49A2-9F90-C3D03BE91D62}.Release|Any CPU.ActiveCfg = Release|Any CPU
		{1C94ED0E-0122-49A2-9F90-C3D03BE91D62}.Release|Any CPU.Build.0 = Release|Any CPU
		{1C94ED0E-0122-49A2-9F90-C3D03BE91D62}.Release|ARM64.ActiveCfg = Release|Any CPU
		{1C94ED0E-0122-49A2-9F90-C3D03BE91D62}.Release|ARM64.Build.0 = Release|Any CPU
		{1C94ED0E-0122-49A2-9F90-C3D03BE91D62}.Release|x64.ActiveCfg = Release|Any CPU
		{1C94ED0E-0122-49A2-9F90-C3D03BE91D62}.Release|x64.Build.0 = Release|Any CPU
		{1C94ED0E-0122-49A2-9F90-C3D03BE91D62}.Release|x86.ActiveCfg = Release|Any CPU
		{1C94ED0E-0122-49A2-9F90-C3D03BE91D62}.Release|x86.Build.0 = Release|Any CPU
		{797FD68A-8EF5-46DB-A664-18C55DC7783A}.Debug|Any CPU.ActiveCfg = Debug|Any CPU
		{797FD68A-8EF5-46DB-A664-18C55DC7783A}.Debug|Any CPU.Build.0 = Debug|Any CPU
		{797FD68A-8EF5-46DB-A664-18C55DC7783A}.Debug|ARM64.ActiveCfg = Debug|Any CPU
		{797FD68A-8EF5-46DB-A664-18C55DC7783A}.Debug|ARM64.Build.0 = Debug|Any CPU
		{797FD68A-8EF5-46DB-A664-18C55DC7783A}.Debug|x64.ActiveCfg = Debug|Any CPU
		{797FD68A-8EF5-46DB-A664-18C55DC7783A}.Debug|x64.Build.0 = Debug|Any CPU
		{797FD68A-8EF5-46DB-A664-18C55DC7783A}.Debug|x86.ActiveCfg = Debug|Any CPU
		{797FD68A-8EF5-46DB-A664-18C55DC7783A}.Debug|x86.Build.0 = Debug|Any CPU
		{797FD68A-8EF5-46DB-A664-18C55DC7783A}.Release|Any CPU.ActiveCfg = Release|Any CPU
		{797FD68A-8EF5-46DB-A664-18C55DC7783A}.Release|Any CPU.Build.0 = Release|Any CPU
		{797FD68A-8EF5-46DB-A664-18C55DC7783A}.Release|ARM64.ActiveCfg = Release|Any CPU
		{797FD68A-8EF5-46DB-A664-18C55DC7783A}.Release|ARM64.Build.0 = Release|Any CPU
		{797FD68A-8EF5-46DB-A664-18C55DC7783A}.Release|x64.ActiveCfg = Release|Any CPU
		{797FD68A-8EF5-46DB-A664-18C55DC7783A}.Release|x64.Build.0 = Release|Any CPU
		{797FD68A-8EF5-46DB-A664-18C55DC7783A}.Release|x86.ActiveCfg = Release|Any CPU
		{797FD68A-8EF5-46DB-A664-18C55DC7783A}.Release|x86.Build.0 = Release|Any CPU
		{1B7EA1C2-75E5-4E69-9A60-208A35D8EC9F}.Debug|Any CPU.ActiveCfg = Debug|Any CPU
		{1B7EA1C2-75E5-4E69-9A60-208A35D8EC9F}.Debug|Any CPU.Build.0 = Debug|Any CPU
		{1B7EA1C2-75E5-4E69-9A60-208A35D8EC9F}.Debug|ARM64.ActiveCfg = Debug|Any CPU
		{1B7EA1C2-75E5-4E69-9A60-208A35D8EC9F}.Debug|ARM64.Build.0 = Debug|Any CPU
		{1B7EA1C2-75E5-4E69-9A60-208A35D8EC9F}.Debug|x64.ActiveCfg = Debug|Any CPU
		{1B7EA1C2-75E5-4E69-9A60-208A35D8EC9F}.Debug|x64.Build.0 = Debug|Any CPU
		{1B7EA1C2-75E5-4E69-9A60-208A35D8EC9F}.Debug|x86.ActiveCfg = Debug|Any CPU
		{1B7EA1C2-75E5-4E69-9A60-208A35D8EC9F}.Debug|x86.Build.0 = Debug|Any CPU
		{1B7EA1C2-75E5-4E69-9A60-208A35D8EC9F}.Release|Any CPU.ActiveCfg = Release|Any CPU
		{1B7EA1C2-75E5-4E69-9A60-208A35D8EC9F}.Release|Any CPU.Build.0 = Release|Any CPU
		{1B7EA1C2-75E5-4E69-9A60-208A35D8EC9F}.Release|ARM64.ActiveCfg = Release|Any CPU
		{1B7EA1C2-75E5-4E69-9A60-208A35D8EC9F}.Release|ARM64.Build.0 = Release|Any CPU
		{1B7EA1C2-75E5-4E69-9A60-208A35D8EC9F}.Release|x64.ActiveCfg = Release|Any CPU
		{1B7EA1C2-75E5-4E69-9A60-208A35D8EC9F}.Release|x64.Build.0 = Release|Any CPU
		{1B7EA1C2-75E5-4E69-9A60-208A35D8EC9F}.Release|x86.ActiveCfg = Release|Any CPU
		{1B7EA1C2-75E5-4E69-9A60-208A35D8EC9F}.Release|x86.Build.0 = Release|Any CPU
		{D1799642-9222-44CA-AA60-4BC2196BDF35}.Debug|Any CPU.ActiveCfg = Debug|Any CPU
		{D1799642-9222-44CA-AA60-4BC2196BDF35}.Debug|Any CPU.Build.0 = Debug|Any CPU
		{D1799642-9222-44CA-AA60-4BC2196BDF35}.Debug|ARM64.ActiveCfg = Debug|Any CPU
		{D1799642-9222-44CA-AA60-4BC2196BDF35}.Debug|ARM64.Build.0 = Debug|Any CPU
		{D1799642-9222-44CA-AA60-4BC2196BDF35}.Debug|x64.ActiveCfg = Debug|Any CPU
		{D1799642-9222-44CA-AA60-4BC2196BDF35}.Debug|x64.Build.0 = Debug|Any CPU
		{D1799642-9222-44CA-AA60-4BC2196BDF35}.Debug|x86.ActiveCfg = Debug|Any CPU
		{D1799642-9222-44CA-AA60-4BC2196BDF35}.Debug|x86.Build.0 = Debug|Any CPU
		{D1799642-9222-44CA-AA60-4BC2196BDF35}.Release|Any CPU.ActiveCfg = Release|Any CPU
		{D1799642-9222-44CA-AA60-4BC2196BDF35}.Release|Any CPU.Build.0 = Release|Any CPU
		{D1799642-9222-44CA-AA60-4BC2196BDF35}.Release|ARM64.ActiveCfg = Release|Any CPU
		{D1799642-9222-44CA-AA60-4BC2196BDF35}.Release|ARM64.Build.0 = Release|Any CPU
		{D1799642-9222-44CA-AA60-4BC2196BDF35}.Release|x64.ActiveCfg = Release|Any CPU
		{D1799642-9222-44CA-AA60-4BC2196BDF35}.Release|x64.Build.0 = Release|Any CPU
		{D1799642-9222-44CA-AA60-4BC2196BDF35}.Release|x86.ActiveCfg = Release|Any CPU
		{D1799642-9222-44CA-AA60-4BC2196BDF35}.Release|x86.Build.0 = Release|Any CPU
		{795F22AB-22D1-471C-9890-1403C6216C07}.Debug|Any CPU.ActiveCfg = Debug|Any CPU
		{795F22AB-22D1-471C-9890-1403C6216C07}.Debug|Any CPU.Build.0 = Debug|Any CPU
		{795F22AB-22D1-471C-9890-1403C6216C07}.Debug|ARM64.ActiveCfg = Debug|Any CPU
		{795F22AB-22D1-471C-9890-1403C6216C07}.Debug|ARM64.Build.0 = Debug|Any CPU
		{795F22AB-22D1-471C-9890-1403C6216C07}.Debug|x64.ActiveCfg = Debug|Any CPU
		{795F22AB-22D1-471C-9890-1403C6216C07}.Debug|x64.Build.0 = Debug|Any CPU
		{795F22AB-22D1-471C-9890-1403C6216C07}.Debug|x86.ActiveCfg = Debug|Any CPU
		{795F22AB-22D1-471C-9890-1403C6216C07}.Debug|x86.Build.0 = Debug|Any CPU
		{795F22AB-22D1-471C-9890-1403C6216C07}.Release|Any CPU.ActiveCfg = Release|Any CPU
		{795F22AB-22D1-471C-9890-1403C6216C07}.Release|Any CPU.Build.0 = Release|Any CPU
		{795F22AB-22D1-471C-9890-1403C6216C07}.Release|ARM64.ActiveCfg = Release|Any CPU
		{795F22AB-22D1-471C-9890-1403C6216C07}.Release|ARM64.Build.0 = Release|Any CPU
		{795F22AB-22D1-471C-9890-1403C6216C07}.Release|x64.ActiveCfg = Release|Any CPU
		{795F22AB-22D1-471C-9890-1403C6216C07}.Release|x64.Build.0 = Release|Any CPU
		{795F22AB-22D1-471C-9890-1403C6216C07}.Release|x86.ActiveCfg = Release|Any CPU
		{795F22AB-22D1-471C-9890-1403C6216C07}.Release|x86.Build.0 = Release|Any CPU
		{3EBC5107-2388-4A04-AEE6-148BEF71D23D}.Debug|Any CPU.ActiveCfg = Debug|Any CPU
		{3EBC5107-2388-4A04-AEE6-148BEF71D23D}.Debug|Any CPU.Build.0 = Debug|Any CPU
		{3EBC5107-2388-4A04-AEE6-148BEF71D23D}.Debug|ARM64.ActiveCfg = Debug|Any CPU
		{3EBC5107-2388-4A04-AEE6-148BEF71D23D}.Debug|ARM64.Build.0 = Debug|Any CPU
		{3EBC5107-2388-4A04-AEE6-148BEF71D23D}.Debug|x64.ActiveCfg = Debug|Any CPU
		{3EBC5107-2388-4A04-AEE6-148BEF71D23D}.Debug|x64.Build.0 = Debug|Any CPU
		{3EBC5107-2388-4A04-AEE6-148BEF71D23D}.Debug|x86.ActiveCfg = Debug|Any CPU
		{3EBC5107-2388-4A04-AEE6-148BEF71D23D}.Debug|x86.Build.0 = Debug|Any CPU
		{3EBC5107-2388-4A04-AEE6-148BEF71D23D}.Release|Any CPU.ActiveCfg = Release|Any CPU
		{3EBC5107-2388-4A04-AEE6-148BEF71D23D}.Release|Any CPU.Build.0 = Release|Any CPU
		{3EBC5107-2388-4A04-AEE6-148BEF71D23D}.Release|ARM64.ActiveCfg = Release|Any CPU
		{3EBC5107-2388-4A04-AEE6-148BEF71D23D}.Release|ARM64.Build.0 = Release|Any CPU
		{3EBC5107-2388-4A04-AEE6-148BEF71D23D}.Release|x64.ActiveCfg = Release|Any CPU
		{3EBC5107-2388-4A04-AEE6-148BEF71D23D}.Release|x64.Build.0 = Release|Any CPU
		{3EBC5107-2388-4A04-AEE6-148BEF71D23D}.Release|x86.ActiveCfg = Release|Any CPU
		{3EBC5107-2388-4A04-AEE6-148BEF71D23D}.Release|x86.Build.0 = Release|Any CPU
		{47519E3A-137C-49ED-95C4-E25865482DFD}.Debug|Any CPU.ActiveCfg = Debug|Any CPU
		{47519E3A-137C-49ED-95C4-E25865482DFD}.Debug|Any CPU.Build.0 = Debug|Any CPU
		{47519E3A-137C-49ED-95C4-E25865482DFD}.Debug|ARM64.ActiveCfg = Debug|Any CPU
		{47519E3A-137C-49ED-95C4-E25865482DFD}.Debug|ARM64.Build.0 = Debug|Any CPU
		{47519E3A-137C-49ED-95C4-E25865482DFD}.Debug|x64.ActiveCfg = Debug|Any CPU
		{47519E3A-137C-49ED-95C4-E25865482DFD}.Debug|x64.Build.0 = Debug|Any CPU
		{47519E3A-137C-49ED-95C4-E25865482DFD}.Debug|x86.ActiveCfg = Debug|Any CPU
		{47519E3A-137C-49ED-95C4-E25865482DFD}.Debug|x86.Build.0 = Debug|Any CPU
		{47519E3A-137C-49ED-95C4-E25865482DFD}.Release|Any CPU.ActiveCfg = Release|Any CPU
		{47519E3A-137C-49ED-95C4-E25865482DFD}.Release|Any CPU.Build.0 = Release|Any CPU
		{47519E3A-137C-49ED-95C4-E25865482DFD}.Release|ARM64.ActiveCfg = Release|Any CPU
		{47519E3A-137C-49ED-95C4-E25865482DFD}.Release|ARM64.Build.0 = Release|Any CPU
		{47519E3A-137C-49ED-95C4-E25865482DFD}.Release|x64.ActiveCfg = Release|Any CPU
		{47519E3A-137C-49ED-95C4-E25865482DFD}.Release|x64.Build.0 = Release|Any CPU
		{47519E3A-137C-49ED-95C4-E25865482DFD}.Release|x86.ActiveCfg = Release|Any CPU
		{47519E3A-137C-49ED-95C4-E25865482DFD}.Release|x86.Build.0 = Release|Any CPU
		{7D8F79DC-F854-4BE3-A70F-5EBCE9A9B6BA}.Debug|Any CPU.ActiveCfg = Debug|Any CPU
		{7D8F79DC-F854-4BE3-A70F-5EBCE9A9B6BA}.Debug|Any CPU.Build.0 = Debug|Any CPU
		{7D8F79DC-F854-4BE3-A70F-5EBCE9A9B6BA}.Debug|ARM64.ActiveCfg = Debug|Any CPU
		{7D8F79DC-F854-4BE3-A70F-5EBCE9A9B6BA}.Debug|ARM64.Build.0 = Debug|Any CPU
		{7D8F79DC-F854-4BE3-A70F-5EBCE9A9B6BA}.Debug|x64.ActiveCfg = Debug|Any CPU
		{7D8F79DC-F854-4BE3-A70F-5EBCE9A9B6BA}.Debug|x64.Build.0 = Debug|Any CPU
		{7D8F79DC-F854-4BE3-A70F-5EBCE9A9B6BA}.Debug|x86.ActiveCfg = Debug|Any CPU
		{7D8F79DC-F854-4BE3-A70F-5EBCE9A9B6BA}.Debug|x86.Build.0 = Debug|Any CPU
		{7D8F79DC-F854-4BE3-A70F-5EBCE9A9B6BA}.Release|Any CPU.ActiveCfg = Release|Any CPU
		{7D8F79DC-F854-4BE3-A70F-5EBCE9A9B6BA}.Release|Any CPU.Build.0 = Release|Any CPU
		{7D8F79DC-F854-4BE3-A70F-5EBCE9A9B6BA}.Release|ARM64.ActiveCfg = Release|Any CPU
		{7D8F79DC-F854-4BE3-A70F-5EBCE9A9B6BA}.Release|ARM64.Build.0 = Release|Any CPU
		{7D8F79DC-F854-4BE3-A70F-5EBCE9A9B6BA}.Release|x64.ActiveCfg = Release|Any CPU
		{7D8F79DC-F854-4BE3-A70F-5EBCE9A9B6BA}.Release|x64.Build.0 = Release|Any CPU
		{7D8F79DC-F854-4BE3-A70F-5EBCE9A9B6BA}.Release|x86.ActiveCfg = Release|Any CPU
		{7D8F79DC-F854-4BE3-A70F-5EBCE9A9B6BA}.Release|x86.Build.0 = Release|Any CPU
		{42FA2343-4650-414C-A7C9-2CFD9B9EF0F3}.Debug|Any CPU.ActiveCfg = Debug|Any CPU
		{42FA2343-4650-414C-A7C9-2CFD9B9EF0F3}.Debug|Any CPU.Build.0 = Debug|Any CPU
		{42FA2343-4650-414C-A7C9-2CFD9B9EF0F3}.Debug|ARM64.ActiveCfg = Debug|Any CPU
		{42FA2343-4650-414C-A7C9-2CFD9B9EF0F3}.Debug|ARM64.Build.0 = Debug|Any CPU
		{42FA2343-4650-414C-A7C9-2CFD9B9EF0F3}.Debug|x64.ActiveCfg = Debug|Any CPU
		{42FA2343-4650-414C-A7C9-2CFD9B9EF0F3}.Debug|x64.Build.0 = Debug|Any CPU
		{42FA2343-4650-414C-A7C9-2CFD9B9EF0F3}.Debug|x86.ActiveCfg = Debug|Any CPU
		{42FA2343-4650-414C-A7C9-2CFD9B9EF0F3}.Debug|x86.Build.0 = Debug|Any CPU
		{42FA2343-4650-414C-A7C9-2CFD9B9EF0F3}.Release|Any CPU.ActiveCfg = Release|Any CPU
		{42FA2343-4650-414C-A7C9-2CFD9B9EF0F3}.Release|Any CPU.Build.0 = Release|Any CPU
		{42FA2343-4650-414C-A7C9-2CFD9B9EF0F3}.Release|ARM64.ActiveCfg = Release|Any CPU
		{42FA2343-4650-414C-A7C9-2CFD9B9EF0F3}.Release|ARM64.Build.0 = Release|Any CPU
		{42FA2343-4650-414C-A7C9-2CFD9B9EF0F3}.Release|x64.ActiveCfg = Release|Any CPU
		{42FA2343-4650-414C-A7C9-2CFD9B9EF0F3}.Release|x64.Build.0 = Release|Any CPU
		{42FA2343-4650-414C-A7C9-2CFD9B9EF0F3}.Release|x86.ActiveCfg = Release|Any CPU
		{42FA2343-4650-414C-A7C9-2CFD9B9EF0F3}.Release|x86.Build.0 = Release|Any CPU
		{EE354152-1A9B-4F0E-BF4C-44DC542BCBB8}.Debug|Any CPU.ActiveCfg = Debug|x64
		{EE354152-1A9B-4F0E-BF4C-44DC542BCBB8}.Debug|ARM64.ActiveCfg = Debug|ARM64
		{EE354152-1A9B-4F0E-BF4C-44DC542BCBB8}.Debug|ARM64.Build.0 = Debug|ARM64
		{EE354152-1A9B-4F0E-BF4C-44DC542BCBB8}.Debug|x64.ActiveCfg = Debug|x64
		{EE354152-1A9B-4F0E-BF4C-44DC542BCBB8}.Debug|x64.Build.0 = Debug|x64
		{EE354152-1A9B-4F0E-BF4C-44DC542BCBB8}.Debug|x86.ActiveCfg = Debug|x86
		{EE354152-1A9B-4F0E-BF4C-44DC542BCBB8}.Debug|x86.Build.0 = Debug|x86
		{EE354152-1A9B-4F0E-BF4C-44DC542BCBB8}.Release|Any CPU.ActiveCfg = Release|x64
		{EE354152-1A9B-4F0E-BF4C-44DC542BCBB8}.Release|Any CPU.Build.0 = Release|x64
		{EE354152-1A9B-4F0E-BF4C-44DC542BCBB8}.Release|ARM64.ActiveCfg = Release|ARM64
		{EE354152-1A9B-4F0E-BF4C-44DC542BCBB8}.Release|ARM64.Build.0 = Release|ARM64
		{EE354152-1A9B-4F0E-BF4C-44DC542BCBB8}.Release|x64.ActiveCfg = Release|x64
		{EE354152-1A9B-4F0E-BF4C-44DC542BCBB8}.Release|x64.Build.0 = Release|x64
		{EE354152-1A9B-4F0E-BF4C-44DC542BCBB8}.Release|x86.ActiveCfg = Release|x86
		{EE354152-1A9B-4F0E-BF4C-44DC542BCBB8}.Release|x86.Build.0 = Release|x86
	EndGlobalSection
	GlobalSection(SolutionProperties) = preSolution
		HideSolutionNode = FALSE
	EndGlobalSection
	GlobalSection(NestedProjects) = preSolution
		{EE354152-1A9B-4F0E-BF4C-44DC542BCBB8} = {55181AAF-E180-4DC7-92E8-A63995F25F1B}
	EndGlobalSection
	GlobalSection(ExtensibilityGlobals) = postSolution
		SolutionGuid = {AB9C609D-75E5-4734-9083-9623F2017964}
	EndGlobalSection
EndGlobal
